
Microsoft Visual Studio Solution File, Format Version 12.00
# Visual Studio Version 16
VisualStudioVersion = 16.0.29306.81
MinimumVisualStudioVersion = 10.0.40219.1
Project("{00D1A9C2-B5F0-4AF3-8072-F6C62B433612}") = "DB.HappyBuy", "DB.HappyBuy\DB.HappyBuy.sqlproj", "{8DD84195-7B45-49DC-8C91-8F9ED72D5D34}"
EndProject
Project("{FAE04EC0-301F-11D3-BF4B-00C04F79EFBC}") = "HappyBuyDAL", "HappyBuyDAL\HappyBuyDAL.csproj", "{9B59B211-76CA-452D-9F61-1104040C29B4}"
EndProject
Project("{FAE04EC0-301F-11D3-BF4B-00C04F79EFBC}") = "HappyBuyBL", "HappyBuyBL\HappyBuyBL.csproj", "{26DDE27B-65E0-42C2-BB3F-DD34F6F28B1C}"
EndProject
Project("{FAE04EC0-301F-11D3-BF4B-00C04F79EFBC}") = "AppHappyBuy", "AppHappyBuy\AppHappyBuy.csproj", "{4E529E53-9DA3-4057-BD87-48132431DACC}"
EndProject
Global
	GlobalSection(SolutionConfigurationPlatforms) = preSolution
		Debug|Any CPU = Debug|Any CPU
		Release|Any CPU = Release|Any CPU
	EndGlobalSection
	GlobalSection(ProjectConfigurationPlatforms) = postSolution
		{8DD84195-7B45-49DC-8C91-8F9ED72D5D34}.Debug|Any CPU.ActiveCfg = Debug|Any CPU
		{8DD84195-7B45-49DC-8C91-8F9ED72D5D34}.Debug|Any CPU.Build.0 = Debug|Any CPU
		{8DD84195-7B45-49DC-8C91-8F9ED72D5D34}.Debug|Any CPU.Deploy.0 = Debug|Any CPU
		{8DD84195-7B45-49DC-8C91-8F9ED72D5D34}.Release|Any CPU.ActiveCfg = Release|Any CPU
		{8DD84195-7B45-49DC-8C91-8F9ED72D5D34}.Release|Any CPU.Build.0 = Release|Any CPU
		{8DD84195-7B45-49DC-8C91-8F9ED72D5D34}.Release|Any CPU.Deploy.0 = Release|Any CPU
		{9B59B211-76CA-452D-9F61-1104040C29B4}.Debug|Any CPU.ActiveCfg = Debug|Any CPU
		{9B59B211-76CA-452D-9F61-1104040C29B4}.Debug|Any CPU.Build.0 = Debug|Any CPU
		{9B59B211-76CA-452D-9F61-1104040C29B4}.Release|Any CPU.ActiveCfg = Release|Any CPU
		{9B59B211-76CA-452D-9F61-1104040C29B4}.Release|Any CPU.Build.0 = Release|Any CPU
		{26DDE27B-65E0-42C2-BB3F-DD34F6F28B1C}.Debug|Any CPU.ActiveCfg = Debug|Any CPU
		{26DDE27B-65E0-42C2-BB3F-DD34F6F28B1C}.Debug|Any CPU.Build.0 = Debug|Any CPU
		{26DDE27B-65E0-42C2-BB3F-DD34F6F28B1C}.Release|Any CPU.ActiveCfg = Release|Any CPU
		{26DDE27B-65E0-42C2-BB3F-DD34F6F28B1C}.Release|Any CPU.Build.0 = Release|Any CPU
		{4E529E53-9DA3-4057-BD87-48132431DACC}.Debug|Any CPU.ActiveCfg = Debug|Any CPU
		{4E529E53-9DA3-4057-BD87-48132431DACC}.Debug|Any CPU.Build.0 = Debug|Any CPU
		{4E529E53-9DA3-4057-BD87-48132431DACC}.Release|Any CPU.ActiveCfg = Release|Any CPU
		{4E529E53-9DA3-4057-BD87-48132431DACC}.Release|Any CPU.Build.0 = Release|Any CPU
	EndGlobalSection
	GlobalSection(SolutionProperties) = preSolution
		HideSolutionNode = FALSE
	EndGlobalSection
	GlobalSection(ExtensibilityGlobals) = postSolution
		SolutionGuid = {B77E5530-744F-40F4-837B-4CABD9294CD1}
	EndGlobalSection
EndGlobal
